// !$*UTF8*$!
{
	archiveVersion = 1;
	classes = {
	};
	objectVersion = 46;
	objects = {

/* Begin PBXBuildFile section */
		5131B2641C6E5DE500E8DC32 /* main.m in Sources */ = {isa = PBXBuildFile; fileRef = 5131B2631C6E5DE500E8DC32 /* main.m */; };
		5131B2671C6E5DE500E8DC32 /* AppDelegate.m in Sources */ = {isa = PBXBuildFile; fileRef = 5131B2661C6E5DE500E8DC32 /* AppDelegate.m */; };
		5131B26A1C6E5DE500E8DC32 /* IRMainViewController.m in Sources */ = {isa = PBXBuildFile; fileRef = 5131B2691C6E5DE500E8DC32 /* IRMainViewController.m */; };
		5131B26F1C6E5DE500E8DC32 /* Assets.xcassets in Resources */ = {isa = PBXBuildFile; fileRef = 5131B26E1C6E5DE500E8DC32 /* Assets.xcassets */; };
		5131B27A1C6E5E7B00E8DC32 /* IRMainViewController.xib in Resources */ = {isa = PBXBuildFile; fileRef = 5131B2791C6E5E7B00E8DC32 /* IRMainViewController.xib */; };
		5131B27C1C6E6B9C00E8DC32 /* IRLaunchScreen.xib in Resources */ = {isa = PBXBuildFile; fileRef = 5131B27B1C6E6B9C00E8DC32 /* IRLaunchScreen.xib */; };
/* End PBXBuildFile section */

/* Begin PBXFileReference section */
		5131B25F1C6E5DE500E8DC32 /* iRecognize.app */ = {isa = PBXFileReference; explicitFileType = wrapper.application; includeInIndex = 0; path = iRecognize.app; sourceTree = BUILT_PRODUCTS_DIR; };
		5131B2631C6E5DE500E8DC32 /* main.m */ = {isa = PBXFileReference; lastKnownFileType = sourcecode.c.objc; path = main.m; sourceTree = "<group>"; };
		5131B2651C6E5DE500E8DC32 /* AppDelegate.h */ = {isa = PBXFileReference; lastKnownFileType = sourcecode.c.h; path = AppDelegate.h; sourceTree = "<group>"; };
		5131B2661C6E5DE500E8DC32 /* AppDelegate.m */ = {isa = PBXFileReference; lastKnownFileType = sourcecode.c.objc; path = AppDelegate.m; sourceTree = "<group>"; };
		5131B2681C6E5DE500E8DC32 /* IRMainViewController.h */ = {isa = PBXFileReference; lastKnownFileType = sourcecode.c.h; path = IRMainViewController.h; sourceTree = "<group>"; };
		5131B2691C6E5DE500E8DC32 /* IRMainViewController.m */ = {isa = PBXFileReference; lastKnownFileType = sourcecode.c.objc; path = IRMainViewController.m; sourceTree = "<group>"; };
		5131B26E1C6E5DE500E8DC32 /* Assets.xcassets */ = {isa = PBXFileReference; lastKnownFileType = folder.assetcatalog; path = Assets.xcassets; sourceTree = "<group>"; };
		5131B2731C6E5DE500E8DC32 /* Info.plist */ = {isa = PBXFileReference; lastKnownFileType = text.plist.xml; path = Info.plist; sourceTree = "<group>"; };
		5131B2791C6E5E7B00E8DC32 /* IRMainViewController.xib */ = {isa = PBXFileReference; fileEncoding = 4; lastKnownFileType = file.xib; path = IRMainViewController.xib; sourceTree = "<group>"; };
		5131B27B1C6E6B9C00E8DC32 /* IRLaunchScreen.xib */ = {isa = PBXFileReference; fileEncoding = 4; lastKnownFileType = file.xib; path = IRLaunchScreen.xib; sourceTree = "<group>"; };
/* End PBXFileReference section */

/* Begin PBXFrameworksBuildPhase section */
		5131B25C1C6E5DE400E8DC32 /* Frameworks */ = {
			isa = PBXFrameworksBuildPhase;
			buildActionMask = 2147483647;
			files = (
			);
			runOnlyForDeploymentPostprocessing = 0;
		};
/* End PBXFrameworksBuildPhase section */

/* Begin PBXGroup section */
		5131B2561C6E5DE400E8DC32 = {
			isa = PBXGroup;
			children = (
				5131B2611C6E5DE500E8DC32 /* iRecognize */,
				5131B2601C6E5DE500E8DC32 /* Products */,
			);
			sourceTree = "<group>";
		};
		5131B2601C6E5DE500E8DC32 /* Products */ = {
			isa = PBXGroup;
			children = (
				5131B25F1C6E5DE500E8DC32 /* iRecognize.app */,
			);
			name = Products;
			sourceTree = "<group>";
		};
		5131B2611C6E5DE500E8DC32 /* iRecognize */ = {
			isa = PBXGroup;
			children = (
				5131B2651C6E5DE500E8DC32 /* AppDelegate.h */,
				5131B2661C6E5DE500E8DC32 /* AppDelegate.m */,
				5131B2681C6E5DE500E8DC32 /* IRMainViewController.h */,
				5131B2691C6E5DE500E8DC32 /* IRMainViewController.m */,
				5131B2791C6E5E7B00E8DC32 /* IRMainViewController.xib */,
				5131B26E1C6E5DE500E8DC32 /* Assets.xcassets */,
				5131B2731C6E5DE500E8DC32 /* Info.plist */,
				5131B2621C6E5DE500E8DC32 /* Supporting Files */,
				5131B27B1C6E6B9C00E8DC32 /* IRLaunchScreen.xib */,
			);
			path = iRecognize;
			sourceTree = "<group>";
		};
		5131B2621C6E5DE500E8DC32 /* Supporting Files */ = {
			isa = PBXGroup;
			children = (
				5131B2631C6E5DE500E8DC32 /* main.m */,
			);
			name = "Supporting Files";
			sourceTree = "<group>";
		};
/* End PBXGroup section */

/* Begin PBXNativeTarget section */
		5131B25E1C6E5DE400E8DC32 /* iRecognize */ = {
			isa = PBXNativeTarget;
			buildConfigurationList = 5131B2761C6E5DE500E8DC32 /* Build configuration list for PBXNativeTarget "iRecognize" */;
			buildPhases = (
				5131B25B1C6E5DE400E8DC32 /* Sources */,
				5131B25C1C6E5DE400E8DC32 /* Frameworks */,
				5131B25D1C6E5DE400E8DC32 /* Resources */,
			);
			buildRules = (
			);
			dependencies = (
			);
			name = iRecognize;
			productName = iRecognize;
			productReference = 5131B25F1C6E5DE500E8DC32 /* iRecognize.app */;
			productType = "com.apple.product-type.application";
		};
/* End PBXNativeTarget section */

/* Begin PBXProject section */
		5131B2571C6E5DE400E8DC32 /* Project object */ = {
			isa = PBXProject;
			attributes = {
				LastUpgradeCheck = 0720;
				ORGANIZATIONNAME = Spitfire;
				TargetAttributes = {
					5131B25E1C6E5DE400E8DC32 = {
						CreatedOnToolsVersion = 7.2;
					};
				};
			};
			buildConfigurationList = 5131B25A1C6E5DE400E8DC32 /* Build configuration list for PBXProject "iRecognize" */;
			compatibilityVersion = "Xcode 3.2";
			developmentRegion = English;
			hasScannedForEncodings = 0;
			knownRegions = (
				en,
				Base,
			);
			mainGroup = 5131B2561C6E5DE400E8DC32;
			productRefGroup = 5131B2601C6E5DE500E8DC32 /* Products */;
			projectDirPath = "";
			projectRoot = "";
			targets = (
				5131B25E1C6E5DE400E8DC32 /* iRecognize */,
			);
		};
/* End PBXProject section */

/* Begin PBXResourcesBuildPhase section */
		5131B25D1C6E5DE400E8DC32 /* Resources */ = {
			isa = PBXResourcesBuildPhase;
			buildActionMask = 2147483647;
			files = (
				5131B27C1C6E6B9C00E8DC32 /* IRLaunchScreen.xib in Resources */,
				5131B27A1C6E5E7B00E8DC32 /* IRMainViewController.xib in Resources */,
				5131B26F1C6E5DE500E8DC32 /* Assets.xcassets in Resources */,
			);
			runOnlyForDeploymentPostprocessing = 0;
		};
/* End PBXResourcesBuildPhase section */

/* Begin PBXSourcesBuildPhase section */
		5131B25B1C6E5DE400E8DC32 /* Sources */ = {
			isa = PBXSourcesBuildPhase;
			buildActionMask = 2147483647;
			files = (
				5131B26A1C6E5DE500E8DC32 /* IRMainViewController.m in Sources */,
				5131B2671C6E5DE500E8DC32 /* AppDelegate.m in Sources */,
				5131B2641C6E5DE500E8DC32 /* main.m in Sources */,
			);
			runOnlyForDeploymentPostprocessing = 0;
		};
/* End PBXSourcesBuildPhase section */

/* Begin XCBuildConfiguration section */
		5131B2741C6E5DE500E8DC32 /* Debug */ = {
			isa = XCBuildConfiguration;
			buildSettings = {
				ALWAYS_SEARCH_USER_PATHS = NO;
				CLANG_CXX_LANGUAGE_STANDARD = "gnu++0x";
				CLANG_CXX_LIBRARY = "libc++";
				CLANG_ENABLE_MODULES = YES;
				CLANG_ENABLE_OBJC_ARC = YES;
				CLANG_WARN_BOOL_CONVERSION = YES;
				CLANG_WARN_CONSTANT_CONVERSION = YES;
				CLANG_WARN_DIRECT_OBJC_ISA_USAGE = YES_ERROR;
				CLANG_WARN_EMPTY_BODY = YES;
				CLANG_WARN_ENUM_CONVERSION = YES;
				CLANG_WARN_INT_CONVERSION = YES;
				CLANG_WARN_OBJC_ROOT_CLASS = YES_ERROR;
				CLANG_WARN_UNREACHABLE_CODE = YES;
				CLANG_WARN__DUPLICATE_METHOD_MATCH = YES;
				"CODE_SIGN_IDENTITY[sdk=iphoneos*]" = "iPhone Developer";
				COPY_PHASE_STRIP = NO;
				DEBUG_INFORMATION_FORMAT = dwarf;
				ENABLE_STRICT_OBJC_MSGSEND = YES;
				ENABLE_TESTABILITY = YES;
				GCC_C_LANGUAGE_STANDARD = gnu99;
				GCC_DYNAMIC_NO_PIC = NO;
				GCC_NO_COMMON_BLOCKS = YES;
				GCC_OPTIMIZATION_LEVEL = 0;
				GCC_PREPROCESSOR_DEFINITIONS = (
					"DEBUG=1",
					"$(inherited)",
				);
				GCC_WARN_64_TO_32_BIT_CONVERSION = YES;
				GCC_WARN_ABOUT_RETURN_TYPE = YES_ERROR;
				GCC_WARN_UNDECLARED_SELECTOR = YES;
				GCC_WARN_UNINITIALIZED_AUTOS = YES_AGGRESSIVE;
				GCC_WARN_UNUSED_FUNCTION = YES;
				GCC_WARN_UNUSED_VARIABLE = YES;
				IPHONEOS_DEPLOYMENT_TARGET = 9.2;
				MTL_ENABLE_DEBUG_INFO = YES;
				ONLY_ACTIVE_ARCH = YES;
				SDKROOT = iphoneos;
			};
			name = Debug;
		};
		5131B2751C6E5DE500E8DC32 /* Release */ = {
			isa = XCBuildConfiguration;
			buildSettings = {
				ALWAYS_SEARCH_USER_PATHS = NO;
				CLANG_CXX_LANGUAGE_STANDARD = "gnu++0x";
				CLANG_CXX_LIBRARY = "libc++";
				CLANG_ENABLE_MODULES = YES;
				CLANG_ENABLE_OBJC_ARC = YES;
				CLANG_WARN_BOOL_CONVERSION = YES;
				CLANG_WARN_CONSTANT_CONVERSION = YES;
				CLANG_WARN_DIRECT_OBJC_ISA_USAGE = YES_ERROR;
				CLANG_WARN_EMPTY_BODY = YES;
				CLANG_WARN_ENUM_CONVERSION = YES;
				CLANG_WARN_INT_CONVERSION = YES;
				CLANG_WARN_OBJC_ROOT_CLASS = YES_ERROR;
				CLANG_WARN_UNREACHABLE_CODE = YES;
				CLANG_WARN__DUPLICATE_METHOD_MATCH = YES;
				"CODE_SIGN_IDENTITY[sdk=iphoneos*]" = "iPhone Developer";
				COPY_PHASE_STRIP = NO;
				DEBUG_INFORMATION_FORMAT = "dwarf-with-dsym";
				ENABLE_NS_ASSERTIONS = NO;
				ENABLE_STRICT_OBJC_MSGSEND = YES;
				GCC_C_LANGUAGE_STANDARD = gnu99;
				GCC_NO_COMMON_BLOCKS = YES;
				GCC_WARN_64_TO_32_BIT_CONVERSION = YES;
				GCC_WARN_ABOUT_RETURN_TYPE = YES_ERROR;
				GCC_WARN_UNDECLARED_SELECTOR = YES;
				GCC_WARN_UNINITIALIZED_AUTOS = YES_AGGRESSIVE;
				GCC_WARN_UNUSED_FUNCTION = YES;
				GCC_WARN_UNUSED_VARIABLE = YES;
				IPHONEOS_DEPLOYMENT_TARGET = 9.2;
				MTL_ENABLE_DEBUG_INFO = NO;
				SDKROOT = iphoneos;
				VALIDATE_PRODUCT = YES;
			};
			name = Release;
		};
		5131B2771C6E5DE500E8DC32 /* Debug */ = {
			isa = XCBuildConfiguration;
			buildSettings = {
				ASSETCATALOG_COMPILER_APPICON_NAME = AppIcon;
				INFOPLIST_FILE = iRecognize/Info.plist;
				LD_RUNPATH_SEARCH_PATHS = "$(inherited) @executable_path/Frameworks";
				PRODUCT_BUNDLE_IDENTIFIER = spitfire.iRecognize;
				PRODUCT_NAME = "$(TARGET_NAME)";
			};
			name = Debug;
		};
		5131B2781C6E5DE500E8DC32 /* Release */ = {
			isa = XCBuildConfiguration;
			buildSettings = {
				ASSETCATALOG_COMPILER_APPICON_NAME = AppIcon;
				INFOPLIST_FILE = iRecognize/Info.plist;
				LD_RUNPATH_SEARCH_PATHS = "$(inherited) @executable_path/Frameworks";
				PRODUCT_BUNDLE_IDENTIFIER = spitfire.iRecognize;
				PRODUCT_NAME = "$(TARGET_NAME)";
			};
			name = Release;
		};
/* End XCBuildConfiguration section */

/* Begin XCConfigurationList section */
		5131B25A1C6E5DE400E8DC32 /* Build configuration list for PBXProject "iRecognize" */ = {
			isa = XCConfigurationList;
			buildConfigurations = (
				5131B2741C6E5DE500E8DC32 /* Debug */,
				5131B2751C6E5DE500E8DC32 /* Release */,
			);
			defaultConfigurationIsVisible = 0;
			defaultConfigurationName = Release;
		};
		5131B2761C6E5DE500E8DC32 /* Build configuration list for PBXNativeTarget "iRecognize" */ = {
			isa = XCConfigurationList;
			buildConfigurations = (
				5131B2771C6E5DE500E8DC32 /* Debug */,
				5131B2781C6E5DE500E8DC32 /* Release */,
			);
			defaultConfigurationIsVisible = 0;
		};
/* End XCConfigurationList section */
	};
	rootObject = 5131B2571C6E5DE400E8DC32 /* Project object */;
}
